<?xml version="1.0" encoding="utf-8"?>
<Project ToolsVersion="4.0" xmlns="http://schemas.microsoft.com/developer/msbuild/2003">
  <ItemGroup>
    <Filter Include="Source Files">
      <UniqueIdentifier>{4FC737F1-C7A5-4376-A066-2A32D752A2FF}</UniqueIdentifier>
      <Extensions>cpp;c;cc;cxx;def;odl;idl;hpj;bat;asm;asmx</Extensions>
    </Filter>
    <Filter Include="Header Files">
      <UniqueIdentifier>{93995380-89BD-4b04-88EB-625FBE52EBFB}</UniqueIdentifier>
      <Extensions>h;hh;hpp;hxx;hm;inl;inc;xsd</Extensions>
    </Filter>
    <Filter Include="Resource Files">
      <UniqueIdentifier>{67DA6AB6-F800-4c08-8B7A-83BB121AAD01}</UniqueIdentifier>
      <Extensions>rc;ico;cur;bmp;dlg;rc2;rct;bin;rgs;gif;jpg;jpeg;jpe;resx;tiff;tif;png;wav;mfcribbon-ms</Extensions>
    </Filter>
    <Filter Include="OddOccurrencesInArray">
      <UniqueIdentifier>{1deb32d9-d535-4bb1-889a-2daedf1f96f5}</UniqueIdentifier>
    </Filter>
    <Filter Include="CyclicRotation">
      <UniqueIdentifier>{1b1ce868-a578-4661-9d86-0391e919a006}</UniqueIdentifier>
    </Filter>
    <Filter Include="Utilities">
      <UniqueIdentifier>{bbddcd29-f665-4b5c-ab3c-5efef7d9812b}</UniqueIdentifier>
    </Filter>
    <Filter Include="FrogJmp">
      <UniqueIdentifier>{dff88fbc-984d-4202-8636-b3a0d714382c}</UniqueIdentifier>
    </Filter>
    <Filter Include="PermMissingElem">
      <UniqueIdentifier>{f59a9243-c8a0-4bfc-9ce5-938805e9b3a0}</UniqueIdentifier>
    </Filter>
    <Filter Include="FrogRiverOne">
      <UniqueIdentifier>{95a39d44-4dfb-416c-8d57-2ab2c372a7ee}</UniqueIdentifier>
    </Filter>
  </ItemGroup>
  <ItemGroup>
    <ClCompile Include="Main.cpp">
      <Filter>Source Files</Filter>
    </ClCompile>
    <ClCompile Include="OddOccurrencesInArray.cpp">
      <Filter>OddOccurrencesInArray</Filter>
    </ClCompile>
    <ClCompile Include="CyclicRotation.cpp">
      <Filter>CyclicRotation</Filter>
    </ClCompile>
    <ClCompile Include="Utilities.cpp">
      <Filter>Utilities</Filter>
    </ClCompile>
    <ClCompile Include="FrogJmp.cpp">
      <Filter>FrogJmp</Filter>
    </ClCompile>
    <ClCompile Include="PermMissingElem.cpp">
      <Filter>PermMissingElem</Filter>
    </ClCompile>
    <ClCompile Include="FrogRiverOne.cpp">
      <Filter>FrogRiverOne</Filter>
    </ClCompile>
  </ItemGroup>
  <ItemGroup>
    <Text Include="OddOccurrencesInArray_Problem.txt">
      <Filter>OddOccurrencesInArray</Filter>
    </Text>
    <Text Include="CyclicRotation_Problem.txt">
      <Filter>CyclicRotation</Filter>
    </Text>
    <Text Include="FrogJmp_Problem.txt">
      <Filter>FrogJmp</Filter>
    </Text>
    <Text Include="PermMissingElem_Problem.txt">
      <Filter>PermMissingElem</Filter>
    </Text>
    <Text Include="FrogRiverOne_Problem.txt">
      <Filter>FrogRiverOne</Filter>
    </Text>
  </ItemGroup>
  <ItemGroup>
    <ClInclude Include="OddOccurrencesInArray.h">
      <Filter>OddOccurrencesInArray</Filter>
    </ClInclude>
    <ClInclude Include="CyclicRotation.h">
      <Filter>CyclicRotation</Filter>
    </ClInclude>
    <ClInclude Include="Utilities.h">
      <Filter>Utilities</Filter>
    </ClInclude>
    <ClInclude Include="Stopwatch.h">
      <Filter>Utilities</Filter>
    </ClInclude>
    <ClInclude Include="FrogJmp.h">
      <Filter>FrogJmp</Filter>
    </ClInclude>
    <ClInclude Include="PermMissingElem.h">
      <Filter>PermMissingElem</Filter>
    </ClInclude>
    <ClInclude Include="FrogRiverOne.h">
      <Filter>FrogRiverOne</Filter>
    </ClInclude>
  </ItemGroup>
</Project>